// !$*UTF8*$!
{
	archiveVersion = 1;
	classes = {
	};
	objectVersion = 46;
	objects = {

/* Begin PBXBuildFile section */
		0A1A887BD4885C51A2CB5F04 /* libPods-TSMTraining.a in Frameworks */ = {isa = PBXBuildFile; fileRef = 28C97E2184C8D86A76551B68 /* libPods-TSMTraining.a */; };
		E90A98C11F59394C00F1E134 /* Foundation.framework in Frameworks */ = {isa = PBXBuildFile; fileRef = E90A98C01F59394C00F1E134 /* Foundation.framework */; };
		E90A98C31F59395600F1E134 /* AVFoundation.framework in Frameworks */ = {isa = PBXBuildFile; fileRef = E90A98C21F59395600F1E134 /* AVFoundation.framework */; };
		E90A98C51F59395F00F1E134 /* CoreFoundation.framework in Frameworks */ = {isa = PBXBuildFile; fileRef = E90A98C41F59395F00F1E134 /* CoreFoundation.framework */; };
		E9D3CD8D1F5E78EE002EA248 /* ApiManager.m in Sources */ = {isa = PBXBuildFile; fileRef = E9D3CD8C1F5E78EE002EA248 /* ApiManager.m */; };
		E9D3CD9D1F5E7A0A002EA248 /* TSMViewController.m in Sources */ = {isa = PBXBuildFile; fileRef = E9D3CD931F5E7A0A002EA248 /* TSMViewController.m */; };
		E9D3CD9E1F5E7A0A002EA248 /* UIFont+TSM.m in Sources */ = {isa = PBXBuildFile; fileRef = E9D3CD961F5E7A0A002EA248 /* UIFont+TSM.m */; };
		E9D3CD9F1F5E7A0A002EA248 /* TSMAPICleint.m in Sources */ = {isa = PBXBuildFile; fileRef = E9D3CD9C1F5E7A0A002EA248 /* TSMAPICleint.m */; };
		E9D3CDA71F5E7ABC002EA248 /* TSMSignIn.m in Sources */ = {isa = PBXBuildFile; fileRef = E9D3CDA61F5E7ABC002EA248 /* TSMSignIn.m */; };
		E9D3CDB71F5E7B99002EA248 /* AppDelegate.m in Sources */ = {isa = PBXBuildFile; fileRef = E9D3CDAB1F5E7B99002EA248 /* AppDelegate.m */; };
		E9D3CDB81F5E7B99002EA248 /* Assets.xcassets in Resources */ = {isa = PBXBuildFile; fileRef = E9D3CDAC1F5E7B99002EA248 /* Assets.xcassets */; };
		E9D3CDB91F5E7B99002EA248 /* LaunchScreen.storyboard in Resources */ = {isa = PBXBuildFile; fileRef = E9D3CDAD1F5E7B99002EA248 /* LaunchScreen.storyboard */; };
		E9D3CDBA1F5E7B99002EA248 /* Main.storyboard in Resources */ = {isa = PBXBuildFile; fileRef = E9D3CDAF1F5E7B99002EA248 /* Main.storyboard */; };
		E9D3CDBB1F5E7B99002EA248 /* Info.plist in Resources */ = {isa = PBXBuildFile; fileRef = E9D3CDB11F5E7B99002EA248 /* Info.plist */; };
		E9D3CDBC1F5E7B99002EA248 /* TSMTraining.xcdatamodeld in Sources */ = {isa = PBXBuildFile; fileRef = E9D3CDB31F5E7B99002EA248 /* TSMTraining.xcdatamodeld */; };
		E9D3CDBD1F5E7B99002EA248 /* ViewController.m in Sources */ = {isa = PBXBuildFile; fileRef = E9D3CDB61F5E7B99002EA248 /* ViewController.m */; };
		E9D3CDD11F5E7C24002EA248 /* main.m in Sources */ = {isa = PBXBuildFile; fileRef = E9D3CDCD1F5E7C24002EA248 /* main.m */; };
		E9D3CDD21F5E7C24002EA248 /* Reachability.m in Sources */ = {isa = PBXBuildFile; fileRef = E9D3CDD01F5E7C24002EA248 /* Reachability.m */; };
		E9D3CDF11F5E7CA4002EA248 /* NSArray+MB.m in Sources */ = {isa = PBXBuildFile; fileRef = E9D3CDD41F5E7CA4002EA248 /* NSArray+MB.m */; };
		E9D3CDF21F5E7CA4002EA248 /* NSDate+MB.m in Sources */ = {isa = PBXBuildFile; fileRef = E9D3CDD61F5E7CA4002EA248 /* NSDate+MB.m */; };
		E9D3CDF31F5E7CA4002EA248 /* NSDateFormatter+MB.m in Sources */ = {isa = PBXBuildFile; fileRef = E9D3CDD81F5E7CA4002EA248 /* NSDateFormatter+MB.m */; };
		E9D3CDF41F5E7CA4002EA248 /* NSMutableAttributedString+MB.m in Sources */ = {isa = PBXBuildFile; fileRef = E9D3CDDA1F5E7CA4002EA248 /* NSMutableAttributedString+MB.m */; };
		E9D3CDF51F5E7CA4002EA248 /* NSObject+MB.m in Sources */ = {isa = PBXBuildFile; fileRef = E9D3CDDC1F5E7CA4002EA248 /* NSObject+MB.m */; };
		E9D3CDF61F5E7CA4002EA248 /* NSString+MB.m in Sources */ = {isa = PBXBuildFile; fileRef = E9D3CDDE1F5E7CA4002EA248 /* NSString+MB.m */; };
		E9D3CDF71F5E7CA4002EA248 /* UIButton+MB.m in Sources */ = {isa = PBXBuildFile; fileRef = E9D3CDE01F5E7CA4002EA248 /* UIButton+MB.m */; };
		E9D3CDF81F5E7CA4002EA248 /* UIColor+MB.m in Sources */ = {isa = PBXBuildFile; fileRef = E9D3CDE21F5E7CA4002EA248 /* UIColor+MB.m */; };
		E9D3CDF91F5E7CA4002EA248 /* UIFont+MB.m in Sources */ = {isa = PBXBuildFile; fileRef = E9D3CDE41F5E7CA4002EA248 /* UIFont+MB.m */; };
		E9D3CDFA1F5E7CA4002EA248 /* UIImage+ImageEffects.m in Sources */ = {isa = PBXBuildFile; fileRef = E9D3CDE61F5E7CA4002EA248 /* UIImage+ImageEffects.m */; };
		E9D3CDFB1F5E7CA4002EA248 /* UIImage+MB.m in Sources */ = {isa = PBXBuildFile; fileRef = E9D3CDE81F5E7CA4002EA248 /* UIImage+MB.m */; };
		E9D3CDFC1F5E7CA4002EA248 /* UITableView+MB.m in Sources */ = {isa = PBXBuildFile; fileRef = E9D3CDEA1F5E7CA4002EA248 /* UITableView+MB.m */; };
		E9D3CDFD1F5E7CA4002EA248 /* UITextField+MB.m in Sources */ = {isa = PBXBuildFile; fileRef = E9D3CDEC1F5E7CA4002EA248 /* UITextField+MB.m */; };
		E9D3CDFE1F5E7CA4002EA248 /* UIView+MB.m in Sources */ = {isa = PBXBuildFile; fileRef = E9D3CDEE1F5E7CA4002EA248 /* UIView+MB.m */; };
		E9D3CDFF1F5E7CA4002EA248 /* UIViewController+MB.m in Sources */ = {isa = PBXBuildFile; fileRef = E9D3CDF01F5E7CA4002EA248 /* UIViewController+MB.m */; };
		E9D3CE091F5E7E29002EA248 /* MBDataBaseHandler.m in Sources */ = {isa = PBXBuildFile; fileRef = E9D3CE031F5E7E29002EA248 /* MBDataBaseHandler.m */; };
		E9D3CE0A1F5E7E29002EA248 /* MBDataHandler.m in Sources */ = {isa = PBXBuildFile; fileRef = E9D3CE051F5E7E29002EA248 /* MBDataHandler.m */; };
		E9D3CE0B1F5E7E29002EA248 /* MBValidator.m in Sources */ = {isa = PBXBuildFile; fileRef = E9D3CE081F5E7E29002EA248 /* MBValidator.m */; };
		E9D3CE101F5E7E71002EA248 /* OfflineObject.m in Sources */ = {isa = PBXBuildFile; fileRef = E9D3CE0F1F5E7E71002EA248 /* OfflineObject.m */; };
/* End PBXBuildFile section */

/* Begin PBXFileReference section */
		28C97E2184C8D86A76551B68 /* libPods-TSMTraining.a */ = {isa = PBXFileReference; explicitFileType = archive.ar; includeInIndex = 0; path = "libPods-TSMTraining.a"; sourceTree = BUILT_PRODUCTS_DIR; };
		79B143271F5862A40088A624 /* TSMTraining.app */ = {isa = PBXFileReference; explicitFileType = wrapper.application; includeInIndex = 0; path = TSMTraining.app; sourceTree = BUILT_PRODUCTS_DIR; };
		AD10757C507ABED72DE74949 /* Pods-TSMTraining.release.xcconfig */ = {isa = PBXFileReference; includeInIndex = 1; lastKnownFileType = text.xcconfig; name = "Pods-TSMTraining.release.xcconfig"; path = "Pods/Target Support Files/Pods-TSMTraining/Pods-TSMTraining.release.xcconfig"; sourceTree = "<group>"; };
		E4207A427A4446F9523E373B /* Pods-TSMTraining.debug.xcconfig */ = {isa = PBXFileReference; includeInIndex = 1; lastKnownFileType = text.xcconfig; name = "Pods-TSMTraining.debug.xcconfig"; path = "Pods/Target Support Files/Pods-TSMTraining/Pods-TSMTraining.debug.xcconfig"; sourceTree = "<group>"; };
		E90A98C01F59394C00F1E134 /* Foundation.framework */ = {isa = PBXFileReference; lastKnownFileType = wrapper.framework; name = Foundation.framework; path = System/Library/Frameworks/Foundation.framework; sourceTree = SDKROOT; };
		E90A98C21F59395600F1E134 /* AVFoundation.framework */ = {isa = PBXFileReference; lastKnownFileType = wrapper.framework; name = AVFoundation.framework; path = System/Library/Frameworks/AVFoundation.framework; sourceTree = SDKROOT; };
		E90A98C41F59395F00F1E134 /* CoreFoundation.framework */ = {isa = PBXFileReference; lastKnownFileType = wrapper.framework; name = CoreFoundation.framework; path = System/Library/Frameworks/CoreFoundation.framework; sourceTree = SDKROOT; };
		E9D3CD8B1F5E78EE002EA248 /* ApiManager.h */ = {isa = PBXFileReference; fileEncoding = 4; lastKnownFileType = sourcecode.c.h; path = ApiManager.h; sourceTree = "<group>"; };
		E9D3CD8C1F5E78EE002EA248 /* ApiManager.m */ = {isa = PBXFileReference; fileEncoding = 4; lastKnownFileType = sourcecode.c.objc; path = ApiManager.m; sourceTree = "<group>"; };
		E9D3CD921F5E7A0A002EA248 /* TSMViewController.h */ = {isa = PBXFileReference; fileEncoding = 4; lastKnownFileType = sourcecode.c.h; path = TSMViewController.h; sourceTree = "<group>"; };
		E9D3CD931F5E7A0A002EA248 /* TSMViewController.m */ = {isa = PBXFileReference; fileEncoding = 4; lastKnownFileType = sourcecode.c.objc; path = TSMViewController.m; sourceTree = "<group>"; };
		E9D3CD951F5E7A0A002EA248 /* UIFont+TSM.h */ = {isa = PBXFileReference; fileEncoding = 4; lastKnownFileType = sourcecode.c.h; path = "UIFont+TSM.h"; sourceTree = "<group>"; };
		E9D3CD961F5E7A0A002EA248 /* UIFont+TSM.m */ = {isa = PBXFileReference; fileEncoding = 4; lastKnownFileType = sourcecode.c.objc; path = "UIFont+TSM.m"; sourceTree = "<group>"; };
		E9D3CD981F5E7A0A002EA248 /* AllConstants.h */ = {isa = PBXFileReference; fileEncoding = 4; lastKnownFileType = sourcecode.c.h; path = AllConstants.h; sourceTree = "<group>"; };
		E9D3CD991F5E7A0A002EA248 /* TSMConfig.h */ = {isa = PBXFileReference; fileEncoding = 4; lastKnownFileType = sourcecode.c.h; path = TSMConfig.h; sourceTree = "<group>"; };
		E9D3CD9B1F5E7A0A002EA248 /* TSMAPICleint.h */ = {isa = PBXFileReference; fileEncoding = 4; lastKnownFileType = sourcecode.c.h; path = TSMAPICleint.h; sourceTree = "<group>"; };
		E9D3CD9C1F5E7A0A002EA248 /* TSMAPICleint.m */ = {isa = PBXFileReference; fileEncoding = 4; lastKnownFileType = sourcecode.c.objc; path = TSMAPICleint.m; sourceTree = "<group>"; };
		E9D3CDA51F5E7ABC002EA248 /* TSMSignIn.h */ = {isa = PBXFileReference; fileEncoding = 4; lastKnownFileType = sourcecode.c.h; path = TSMSignIn.h; sourceTree = "<group>"; };
		E9D3CDA61F5E7ABC002EA248 /* TSMSignIn.m */ = {isa = PBXFileReference; fileEncoding = 4; lastKnownFileType = sourcecode.c.objc; path = TSMSignIn.m; sourceTree = "<group>"; };
		E9D3CDAA1F5E7B99002EA248 /* AppDelegate.h */ = {isa = PBXFileReference; fileEncoding = 4; lastKnownFileType = sourcecode.c.h; path = AppDelegate.h; sourceTree = "<group>"; };
		E9D3CDAB1F5E7B99002EA248 /* AppDelegate.m */ = {isa = PBXFileReference; fileEncoding = 4; lastKnownFileType = sourcecode.c.objc; path = AppDelegate.m; sourceTree = "<group>"; };
		E9D3CDAC1F5E7B99002EA248 /* Assets.xcassets */ = {isa = PBXFileReference; lastKnownFileType = folder.assetcatalog; path = Assets.xcassets; sourceTree = "<group>"; };
		E9D3CDAE1F5E7B99002EA248 /* Base */ = {isa = PBXFileReference; lastKnownFileType = file.storyboard; name = Base; path = Base.lproj/LaunchScreen.storyboard; sourceTree = "<group>"; };
		E9D3CDB01F5E7B99002EA248 /* Base */ = {isa = PBXFileReference; lastKnownFileType = file.storyboard; name = Base; path = Base.lproj/Main.storyboard; sourceTree = "<group>"; };
		E9D3CDB11F5E7B99002EA248 /* Info.plist */ = {isa = PBXFileReference; fileEncoding = 4; lastKnownFileType = text.plist.xml; path = Info.plist; sourceTree = "<group>"; };
		E9D3CDB21F5E7B99002EA248 /* TSMTraining.pch */ = {isa = PBXFileReference; fileEncoding = 4; lastKnownFileType = sourcecode.c.h; path = TSMTraining.pch; sourceTree = "<group>"; };
		E9D3CDB41F5E7B99002EA248 /* TSMTraining.xcdatamodel */ = {isa = PBXFileReference; lastKnownFileType = wrapper.xcdatamodel; path = TSMTraining.xcdatamodel; sourceTree = "<group>"; };
		E9D3CDB51F5E7B99002EA248 /* ViewController.h */ = {isa = PBXFileReference; fileEncoding = 4; lastKnownFileType = sourcecode.c.h; path = ViewController.h; sourceTree = "<group>"; };
		E9D3CDB61F5E7B99002EA248 /* ViewController.m */ = {isa = PBXFileReference; fileEncoding = 4; lastKnownFileType = sourcecode.c.objc; path = ViewController.m; sourceTree = "<group>"; };
		E9D3CDCD1F5E7C24002EA248 /* main.m */ = {isa = PBXFileReference; fileEncoding = 4; lastKnownFileType = sourcecode.c.objc; path = main.m; sourceTree = "<group>"; };
		E9D3CDCF1F5E7C24002EA248 /* Reachability.h */ = {isa = PBXFileReference; fileEncoding = 4; lastKnownFileType = sourcecode.c.h; path = Reachability.h; sourceTree = "<group>"; };
		E9D3CDD01F5E7C24002EA248 /* Reachability.m */ = {isa = PBXFileReference; fileEncoding = 4; lastKnownFileType = sourcecode.c.objc; path = Reachability.m; sourceTree = "<group>"; };
		E9D3CDD31F5E7CA4002EA248 /* NSArray+MB.h */ = {isa = PBXFileReference; fileEncoding = 4; lastKnownFileType = sourcecode.c.h; path = "NSArray+MB.h"; sourceTree = "<group>"; };
		E9D3CDD41F5E7CA4002EA248 /* NSArray+MB.m */ = {isa = PBXFileReference; fileEncoding = 4; lastKnownFileType = sourcecode.c.objc; path = "NSArray+MB.m"; sourceTree = "<group>"; };
		E9D3CDD51F5E7CA4002EA248 /* NSDate+MB.h */ = {isa = PBXFileReference; fileEncoding = 4; lastKnownFileType = sourcecode.c.h; path = "NSDate+MB.h"; sourceTree = "<group>"; };
		E9D3CDD61F5E7CA4002EA248 /* NSDate+MB.m */ = {isa = PBXFileReference; fileEncoding = 4; lastKnownFileType = sourcecode.c.objc; path = "NSDate+MB.m"; sourceTree = "<group>"; };
		E9D3CDD71F5E7CA4002EA248 /* NSDateFormatter+MB.h */ = {isa = PBXFileReference; fileEncoding = 4; lastKnownFileType = sourcecode.c.h; path = "NSDateFormatter+MB.h"; sourceTree = "<group>"; };
		E9D3CDD81F5E7CA4002EA248 /* NSDateFormatter+MB.m */ = {isa = PBXFileReference; fileEncoding = 4; lastKnownFileType = sourcecode.c.objc; path = "NSDateFormatter+MB.m"; sourceTree = "<group>"; };
		E9D3CDD91F5E7CA4002EA248 /* NSMutableAttributedString+MB.h */ = {isa = PBXFileReference; fileEncoding = 4; lastKnownFileType = sourcecode.c.h; path = "NSMutableAttributedString+MB.h"; sourceTree = "<group>"; };
		E9D3CDDA1F5E7CA4002EA248 /* NSMutableAttributedString+MB.m */ = {isa = PBXFileReference; fileEncoding = 4; lastKnownFileType = sourcecode.c.objc; path = "NSMutableAttributedString+MB.m"; sourceTree = "<group>"; };
		E9D3CDDB1F5E7CA4002EA248 /* NSObject+MB.h */ = {isa = PBXFileReference; fileEncoding = 4; lastKnownFileType = sourcecode.c.h; path = "NSObject+MB.h"; sourceTree = "<group>"; };
		E9D3CDDC1F5E7CA4002EA248 /* NSObject+MB.m */ = {isa = PBXFileReference; fileEncoding = 4; lastKnownFileType = sourcecode.c.objc; path = "NSObject+MB.m"; sourceTree = "<group>"; };
		E9D3CDDD1F5E7CA4002EA248 /* NSString+MB.h */ = {isa = PBXFileReference; fileEncoding = 4; lastKnownFileType = sourcecode.c.h; path = "NSString+MB.h"; sourceTree = "<group>"; };
		E9D3CDDE1F5E7CA4002EA248 /* NSString+MB.m */ = {isa = PBXFileReference; fileEncoding = 4; lastKnownFileType = sourcecode.c.objc; path = "NSString+MB.m"; sourceTree = "<group>"; };
		E9D3CDDF1F5E7CA4002EA248 /* UIButton+MB.h */ = {isa = PBXFileReference; fileEncoding = 4; lastKnownFileType = sourcecode.c.h; path = "UIButton+MB.h"; sourceTree = "<group>"; };
		E9D3CDE01F5E7CA4002EA248 /* UIButton+MB.m */ = {isa = PBXFileReference; fileEncoding = 4; lastKnownFileType = sourcecode.c.objc; path = "UIButton+MB.m"; sourceTree = "<group>"; };
		E9D3CDE11F5E7CA4002EA248 /* UIColor+MB.h */ = {isa = PBXFileReference; fileEncoding = 4; lastKnownFileType = sourcecode.c.h; path = "UIColor+MB.h"; sourceTree = "<group>"; };
		E9D3CDE21F5E7CA4002EA248 /* UIColor+MB.m */ = {isa = PBXFileReference; fileEncoding = 4; lastKnownFileType = sourcecode.c.objc; path = "UIColor+MB.m"; sourceTree = "<group>"; };
		E9D3CDE31F5E7CA4002EA248 /* UIFont+MB.h */ = {isa = PBXFileReference; fileEncoding = 4; lastKnownFileType = sourcecode.c.h; path = "UIFont+MB.h"; sourceTree = "<group>"; };
		E9D3CDE41F5E7CA4002EA248 /* UIFont+MB.m */ = {isa = PBXFileReference; fileEncoding = 4; lastKnownFileType = sourcecode.c.objc; path = "UIFont+MB.m"; sourceTree = "<group>"; };
		E9D3CDE51F5E7CA4002EA248 /* UIImage+ImageEffects.h */ = {isa = PBXFileReference; fileEncoding = 4; lastKnownFileType = sourcecode.c.h; path = "UIImage+ImageEffects.h"; sourceTree = "<group>"; };
		E9D3CDE61F5E7CA4002EA248 /* UIImage+ImageEffects.m */ = {isa = PBXFileReference; fileEncoding = 4; lastKnownFileType = sourcecode.c.objc; path = "UIImage+ImageEffects.m"; sourceTree = "<group>"; };
		E9D3CDE71F5E7CA4002EA248 /* UIImage+MB.h */ = {isa = PBXFileReference; fileEncoding = 4; lastKnownFileType = sourcecode.c.h; path = "UIImage+MB.h"; sourceTree = "<group>"; };
		E9D3CDE81F5E7CA4002EA248 /* UIImage+MB.m */ = {isa = PBXFileReference; fileEncoding = 4; lastKnownFileType = sourcecode.c.objc; path = "UIImage+MB.m"; sourceTree = "<group>"; };
		E9D3CDE91F5E7CA4002EA248 /* UITableView+MB.h */ = {isa = PBXFileReference; fileEncoding = 4; lastKnownFileType = sourcecode.c.h; path = "UITableView+MB.h"; sourceTree = "<group>"; };
		E9D3CDEA1F5E7CA4002EA248 /* UITableView+MB.m */ = {isa = PBXFileReference; fileEncoding = 4; lastKnownFileType = sourcecode.c.objc; path = "UITableView+MB.m"; sourceTree = "<group>"; };
		E9D3CDEB1F5E7CA4002EA248 /* UITextField+MB.h */ = {isa = PBXFileReference; fileEncoding = 4; lastKnownFileType = sourcecode.c.h; path = "UITextField+MB.h"; sourceTree = "<group>"; };
		E9D3CDEC1F5E7CA4002EA248 /* UITextField+MB.m */ = {isa = PBXFileReference; fileEncoding = 4; lastKnownFileType = sourcecode.c.objc; path = "UITextField+MB.m"; sourceTree = "<group>"; };
		E9D3CDED1F5E7CA4002EA248 /* UIView+MB.h */ = {isa = PBXFileReference; fileEncoding = 4; lastKnownFileType = sourcecode.c.h; path = "UIView+MB.h"; sourceTree = "<group>"; };
		E9D3CDEE1F5E7CA4002EA248 /* UIView+MB.m */ = {isa = PBXFileReference; fileEncoding = 4; lastKnownFileType = sourcecode.c.objc; path = "UIView+MB.m"; sourceTree = "<group>"; };
		E9D3CDEF1F5E7CA4002EA248 /* UIViewController+MB.h */ = {isa = PBXFileReference; fileEncoding = 4; lastKnownFileType = sourcecode.c.h; path = "UIViewController+MB.h"; sourceTree = "<group>"; };
		E9D3CDF01F5E7CA4002EA248 /* UIViewController+MB.m */ = {isa = PBXFileReference; fileEncoding = 4; lastKnownFileType = sourcecode.c.objc; path = "UIViewController+MB.m"; sourceTree = "<group>"; };
		E9D3CE021F5E7E29002EA248 /* MBDataBaseHandler.h */ = {isa = PBXFileReference; fileEncoding = 4; lastKnownFileType = sourcecode.c.h; path = MBDataBaseHandler.h; sourceTree = "<group>"; };
		E9D3CE031F5E7E29002EA248 /* MBDataBaseHandler.m */ = {isa = PBXFileReference; fileEncoding = 4; lastKnownFileType = sourcecode.c.objc; path = MBDataBaseHandler.m; sourceTree = "<group>"; };
		E9D3CE041F5E7E29002EA248 /* MBDataHandler.h */ = {isa = PBXFileReference; fileEncoding = 4; lastKnownFileType = sourcecode.c.h; path = MBDataHandler.h; sourceTree = "<group>"; };
		E9D3CE051F5E7E29002EA248 /* MBDataHandler.m */ = {isa = PBXFileReference; fileEncoding = 4; lastKnownFileType = sourcecode.c.objc; path = MBDataHandler.m; sourceTree = "<group>"; };
		E9D3CE071F5E7E29002EA248 /* MBValidator.h */ = {isa = PBXFileReference; fileEncoding = 4; lastKnownFileType = sourcecode.c.h; path = MBValidator.h; sourceTree = "<group>"; };
		E9D3CE081F5E7E29002EA248 /* MBValidator.m */ = {isa = PBXFileReference; fileEncoding = 4; lastKnownFileType = sourcecode.c.objc; path = MBValidator.m; sourceTree = "<group>"; };
		E9D3CE0E1F5E7E71002EA248 /* OfflineObject.h */ = {isa = PBXFileReference; fileEncoding = 4; lastKnownFileType = sourcecode.c.h; path = OfflineObject.h; sourceTree = "<group>"; };
		E9D3CE0F1F5E7E71002EA248 /* OfflineObject.m */ = {isa = PBXFileReference; fileEncoding = 4; lastKnownFileType = sourcecode.c.objc; path = OfflineObject.m; sourceTree = "<group>"; };
/* End PBXFileReference section */

/* Begin PBXFrameworksBuildPhase section */
		79B143241F5862A40088A624 /* Frameworks */ = {
			isa = PBXFrameworksBuildPhase;
			buildActionMask = 2147483647;
			files = (
				E90A98C51F59395F00F1E134 /* CoreFoundation.framework in Frameworks */,
				E90A98C31F59395600F1E134 /* AVFoundation.framework in Frameworks */,
				E90A98C11F59394C00F1E134 /* Foundation.framework in Frameworks */,
				0A1A887BD4885C51A2CB5F04 /* libPods-TSMTraining.a in Frameworks */,
			);
			runOnlyForDeploymentPostprocessing = 0;
		};
/* End PBXFrameworksBuildPhase section */

/* Begin PBXGroup section */
		1C0ECE14CA7C8732068E036A /* Pods */ = {
			isa = PBXGroup;
			children = (
				E4207A427A4446F9523E373B /* Pods-TSMTraining.debug.xcconfig */,
				AD10757C507ABED72DE74949 /* Pods-TSMTraining.release.xcconfig */,
			);
			name = Pods;
			sourceTree = "<group>";
		};
		79B1431E1F5862A40088A624 = {
			isa = PBXGroup;
			children = (
				79B143291F5862A40088A624 /* TSMTraining */,
				79B143281F5862A40088A624 /* Products */,
				1C0ECE14CA7C8732068E036A /* Pods */,
				D274A05051EE5CD03A342D03 /* Frameworks */,
			);
			sourceTree = "<group>";
		};
		79B143281F5862A40088A624 /* Products */ = {
			isa = PBXGroup;
			children = (
				79B143271F5862A40088A624 /* TSMTraining.app */,
			);
			name = Products;
			sourceTree = "<group>";
		};
		79B143291F5862A40088A624 /* TSMTraining */ = {
			isa = PBXGroup;
			children = (
				E9D3CD8A1F5E78C7002EA248 /* ApiManager */,
				E9D3CD8F1F5E7A0A002EA248 /* AppLibrary */,
				E9D3CDA81F5E7B99002EA248 /* Application */,
				E9D3CD8E1F5E7909002EA248 /* Resources */,
				E9D3CDCC1F5E7C24002EA248 /* Supporting Files */,
				E9D3CDA41F5E7ABC002EA248 /* Controllers */,
			);
			path = TSMTraining;
			sourceTree = "<group>";
		};
		D274A05051EE5CD03A342D03 /* Frameworks */ = {
			isa = PBXGroup;
			children = (
				E90A98C41F59395F00F1E134 /* CoreFoundation.framework */,
				E90A98C21F59395600F1E134 /* AVFoundation.framework */,
				E90A98C01F59394C00F1E134 /* Foundation.framework */,
				28C97E2184C8D86A76551B68 /* libPods-TSMTraining.a */,
			);
			name = Frameworks;
			sourceTree = "<group>";
		};
		E9D3CD8A1F5E78C7002EA248 /* ApiManager */ = {
			isa = PBXGroup;
			children = (
				E9D3CD8B1F5E78EE002EA248 /* ApiManager.h */,
				E9D3CD8C1F5E78EE002EA248 /* ApiManager.m */,
			);
			path = ApiManager;
			sourceTree = "<group>";
		};
		E9D3CD8E1F5E7909002EA248 /* Resources */ = {
			isa = PBXGroup;
			children = (
			);
			path = Resources;
			sourceTree = "<group>";
		};
		E9D3CD8F1F5E7A0A002EA248 /* AppLibrary */ = {
			isa = PBXGroup;
			children = (
				E9D3CE0C1F5E7E71002EA248 /* Models */,
				E9D3CE001F5E7E29002EA248 /* Helpers */,
				E9D3CD901F5E7A0A002EA248 /* Base Classes */,
				E9D3CD941F5E7A0A002EA248 /* Categories */,
				E9D3CD971F5E7A0A002EA248 /* Constants */,
				E9D3CD9A1F5E7A0A002EA248 /* HttpClient */,
			);
			path = AppLibrary;
			sourceTree = "<group>";
		};
		E9D3CD901F5E7A0A002EA248 /* Base Classes */ = {
			isa = PBXGroup;
			children = (
				E9D3CD911F5E7A0A002EA248 /* BaseViewController */,
			);
			path = "Base Classes";
			sourceTree = "<group>";
		};
		E9D3CD911F5E7A0A002EA248 /* BaseViewController */ = {
			isa = PBXGroup;
			children = (
				E9D3CD921F5E7A0A002EA248 /* TSMViewController.h */,
				E9D3CD931F5E7A0A002EA248 /* TSMViewController.m */,
			);
			path = BaseViewController;
			sourceTree = "<group>";
		};
		E9D3CD941F5E7A0A002EA248 /* Categories */ = {
			isa = PBXGroup;
			children = (
				E9D3CDD31F5E7CA4002EA248 /* NSArray+MB.h */,
				E9D3CDD41F5E7CA4002EA248 /* NSArray+MB.m */,
				E9D3CDD51F5E7CA4002EA248 /* NSDate+MB.h */,
				E9D3CDD61F5E7CA4002EA248 /* NSDate+MB.m */,
				E9D3CDD71F5E7CA4002EA248 /* NSDateFormatter+MB.h */,
				E9D3CDD81F5E7CA4002EA248 /* NSDateFormatter+MB.m */,
				E9D3CDD91F5E7CA4002EA248 /* NSMutableAttributedString+MB.h */,
				E9D3CDDA1F5E7CA4002EA248 /* NSMutableAttributedString+MB.m */,
				E9D3CDDB1F5E7CA4002EA248 /* NSObject+MB.h */,
				E9D3CDDC1F5E7CA4002EA248 /* NSObject+MB.m */,
				E9D3CDDD1F5E7CA4002EA248 /* NSString+MB.h */,
				E9D3CDDE1F5E7CA4002EA248 /* NSString+MB.m */,
				E9D3CDDF1F5E7CA4002EA248 /* UIButton+MB.h */,
				E9D3CDE01F5E7CA4002EA248 /* UIButton+MB.m */,
				E9D3CDE11F5E7CA4002EA248 /* UIColor+MB.h */,
				E9D3CDE21F5E7CA4002EA248 /* UIColor+MB.m */,
				E9D3CDE31F5E7CA4002EA248 /* UIFont+MB.h */,
				E9D3CDE41F5E7CA4002EA248 /* UIFont+MB.m */,
				E9D3CDE51F5E7CA4002EA248 /* UIImage+ImageEffects.h */,
				E9D3CDE61F5E7CA4002EA248 /* UIImage+ImageEffects.m */,
				E9D3CDE71F5E7CA4002EA248 /* UIImage+MB.h */,
				E9D3CDE81F5E7CA4002EA248 /* UIImage+MB.m */,
				E9D3CDE91F5E7CA4002EA248 /* UITableView+MB.h */,
				E9D3CDEA1F5E7CA4002EA248 /* UITableView+MB.m */,
				E9D3CDEB1F5E7CA4002EA248 /* UITextField+MB.h */,
				E9D3CDEC1F5E7CA4002EA248 /* UITextField+MB.m */,
				E9D3CDED1F5E7CA4002EA248 /* UIView+MB.h */,
				E9D3CDEE1F5E7CA4002EA248 /* UIView+MB.m */,
				E9D3CDEF1F5E7CA4002EA248 /* UIViewController+MB.h */,
				E9D3CDF01F5E7CA4002EA248 /* UIViewController+MB.m */,
				E9D3CD951F5E7A0A002EA248 /* UIFont+TSM.h */,
				E9D3CD961F5E7A0A002EA248 /* UIFont+TSM.m */,
			);
			path = Categories;
			sourceTree = "<group>";
		};
		E9D3CD971F5E7A0A002EA248 /* Constants */ = {
			isa = PBXGroup;
			children = (
				E9D3CD981F5E7A0A002EA248 /* AllConstants.h */,
				E9D3CD991F5E7A0A002EA248 /* TSMConfig.h */,
			);
			path = Constants;
			sourceTree = "<group>";
		};
		E9D3CD9A1F5E7A0A002EA248 /* HttpClient */ = {
			isa = PBXGroup;
			children = (
				E9D3CD9B1F5E7A0A002EA248 /* TSMAPICleint.h */,
				E9D3CD9C1F5E7A0A002EA248 /* TSMAPICleint.m */,
			);
			path = HttpClient;
			sourceTree = "<group>";
		};
		E9D3CDA41F5E7ABC002EA248 /* Controllers */ = {
			isa = PBXGroup;
			children = (
				E9D3CDA51F5E7ABC002EA248 /* TSMSignIn.h */,
				E9D3CDA61F5E7ABC002EA248 /* TSMSignIn.m */,
			);
			path = Controllers;
			sourceTree = "<group>";
		};
		E9D3CDA81F5E7B99002EA248 /* Application */ = {
			isa = PBXGroup;
			children = (
				E9D3CDA91F5E7B99002EA248 /* AppDelegate */,
				E9D3CDAC1F5E7B99002EA248 /* Assets.xcassets */,
				E9D3CDAD1F5E7B99002EA248 /* LaunchScreen.storyboard */,
				E9D3CDAF1F5E7B99002EA248 /* Main.storyboard */,
				E9D3CDB11F5E7B99002EA248 /* Info.plist */,
				E9D3CDB21F5E7B99002EA248 /* TSMTraining.pch */,
				E9D3CDB31F5E7B99002EA248 /* TSMTraining.xcdatamodeld */,
				E9D3CDB51F5E7B99002EA248 /* ViewController.h */,
				E9D3CDB61F5E7B99002EA248 /* ViewController.m */,
			);
			path = Application;
			sourceTree = "<group>";
		};
		E9D3CDA91F5E7B99002EA248 /* AppDelegate */ = {
			isa = PBXGroup;
			children = (
				E9D3CDAA1F5E7B99002EA248 /* AppDelegate.h */,
				E9D3CDAB1F5E7B99002EA248 /* AppDelegate.m */,
			);
			path = AppDelegate;
			sourceTree = "<group>";
		};
		E9D3CDCC1F5E7C24002EA248 /* Supporting Files */ = {
			isa = PBXGroup;
			children = (
				E9D3CDCD1F5E7C24002EA248 /* main.m */,
				E9D3CDCE1F5E7C24002EA248 /* Reachability */,
			);
			path = "Supporting Files";
			sourceTree = "<group>";
		};
		E9D3CDCE1F5E7C24002EA248 /* Reachability */ = {
			isa = PBXGroup;
			children = (
				E9D3CDCF1F5E7C24002EA248 /* Reachability.h */,
				E9D3CDD01F5E7C24002EA248 /* Reachability.m */,
			);
			path = Reachability;
			sourceTree = "<group>";
		};
		E9D3CE001F5E7E29002EA248 /* Helpers */ = {
			isa = PBXGroup;
			children = (
				E9D3CE011F5E7E29002EA248 /* DataHandler */,
				E9D3CE061F5E7E29002EA248 /* Validator */,
			);
			path = Helpers;
			sourceTree = "<group>";
		};
		E9D3CE011F5E7E29002EA248 /* DataHandler */ = {
			isa = PBXGroup;
			children = (
				E9D3CE021F5E7E29002EA248 /* MBDataBaseHandler.h */,
				E9D3CE031F5E7E29002EA248 /* MBDataBaseHandler.m */,
				E9D3CE041F5E7E29002EA248 /* MBDataHandler.h */,
				E9D3CE051F5E7E29002EA248 /* MBDataHandler.m */,
			);
			path = DataHandler;
			sourceTree = "<group>";
		};
		E9D3CE061F5E7E29002EA248 /* Validator */ = {
			isa = PBXGroup;
			children = (
				E9D3CE071F5E7E29002EA248 /* MBValidator.h */,
				E9D3CE081F5E7E29002EA248 /* MBValidator.m */,
			);
			path = Validator;
			sourceTree = "<group>";
		};
		E9D3CE0C1F5E7E71002EA248 /* Models */ = {
			isa = PBXGroup;
			children = (
				E9D3CE0D1F5E7E71002EA248 /* DTO */,
			);
			path = Models;
			sourceTree = "<group>";
		};
		E9D3CE0D1F5E7E71002EA248 /* DTO */ = {
			isa = PBXGroup;
			children = (
				E9D3CE0E1F5E7E71002EA248 /* OfflineObject.h */,
				E9D3CE0F1F5E7E71002EA248 /* OfflineObject.m */,
			);
			path = DTO;
			sourceTree = "<group>";
		};
/* End PBXGroup section */

/* Begin PBXNativeTarget section */
		79B143261F5862A40088A624 /* TSMTraining */ = {
			isa = PBXNativeTarget;
			buildConfigurationList = 79B143411F5862A40088A624 /* Build configuration list for PBXNativeTarget "TSMTraining" */;
			buildPhases = (
				229129B5BEB9A5F67B335D39 /* [CP] Check Pods Manifest.lock */,
				79B143231F5862A40088A624 /* Sources */,
				79B143241F5862A40088A624 /* Frameworks */,
				79B143251F5862A40088A624 /* Resources */,
				0EE6E982E49942F56D36621C /* [CP] Embed Pods Frameworks */,
				6A9E55EA8806F28DA3F6903E /* [CP] Copy Pods Resources */,
			);
			buildRules = (
			);
			dependencies = (
			);
			name = TSMTraining;
			productName = TSMTraining;
			productReference = 79B143271F5862A40088A624 /* TSMTraining.app */;
			productType = "com.apple.product-type.application";
		};
/* End PBXNativeTarget section */

/* Begin PBXProject section */
		79B1431F1F5862A40088A624 /* Project object */ = {
			isa = PBXProject;
			attributes = {
				LastUpgradeCheck = 0830;
				ORGANIZATIONNAME = "Praveen Sharma";
				TargetAttributes = {
					79B143261F5862A40088A624 = {
						CreatedOnToolsVersion = 8.3.3;
						ProvisioningStyle = Automatic;
					};
				};
			};
			buildConfigurationList = 79B143221F5862A40088A624 /* Build configuration list for PBXProject "TSMTraining" */;
			compatibilityVersion = "Xcode 3.2";
			developmentRegion = English;
			hasScannedForEncodings = 0;
			knownRegions = (
				en,
				Base,
			);
			mainGroup = 79B1431E1F5862A40088A624;
			productRefGroup = 79B143281F5862A40088A624 /* Products */;
			projectDirPath = "";
			projectRoot = "";
			targets = (
				79B143261F5862A40088A624 /* TSMTraining */,
			);
		};
/* End PBXProject section */

/* Begin PBXResourcesBuildPhase section */
		79B143251F5862A40088A624 /* Resources */ = {
			isa = PBXResourcesBuildPhase;
			buildActionMask = 2147483647;
			files = (
				E9D3CDBB1F5E7B99002EA248 /* Info.plist in Resources */,
				E9D3CDBA1F5E7B99002EA248 /* Main.storyboard in Resources */,
				E9D3CDB81F5E7B99002EA248 /* Assets.xcassets in Resources */,
				E9D3CDB91F5E7B99002EA248 /* LaunchScreen.storyboard in Resources */,
			);
			runOnlyForDeploymentPostprocessing = 0;
		};
/* End PBXResourcesBuildPhase section */

/* Begin PBXShellScriptBuildPhase section */
		0EE6E982E49942F56D36621C /* [CP] Embed Pods Frameworks */ = {
			isa = PBXShellScriptBuildPhase;
			buildActionMask = 2147483647;
			files = (
			);
			inputPaths = (
			);
			name = "[CP] Embed Pods Frameworks";
			outputPaths = (
			);
			runOnlyForDeploymentPostprocessing = 0;
			shellPath = /bin/sh;
			shellScript = "\"${SRCROOT}/Pods/Target Support Files/Pods-TSMTraining/Pods-TSMTraining-frameworks.sh\"\n";
			showEnvVarsInLog = 0;
		};
		229129B5BEB9A5F67B335D39 /* [CP] Check Pods Manifest.lock */ = {
			isa = PBXShellScriptBuildPhase;
			buildActionMask = 2147483647;
			files = (
			);
			inputPaths = (
				"${PODS_PODFILE_DIR_PATH}/Podfile.lock",
				"${PODS_ROOT}/Manifest.lock",
			);
			name = "[CP] Check Pods Manifest.lock";
			outputPaths = (
				"$(DERIVED_FILE_DIR)/Pods-TSMTraining-checkManifestLockResult.txt",
			);
			runOnlyForDeploymentPostprocessing = 0;
			shellPath = /bin/sh;
			shellScript = "diff \"${PODS_PODFILE_DIR_PATH}/Podfile.lock\" \"${PODS_ROOT}/Manifest.lock\" > /dev/null\nif [ $? != 0 ] ; then\n    # print error to STDERR\n    echo \"error: The sandbox is not in sync with the Podfile.lock. Run 'pod install' or update your CocoaPods installation.\" >&2\n    exit 1\nfi\n";
			showEnvVarsInLog = 0;
		};
		6A9E55EA8806F28DA3F6903E /* [CP] Copy Pods Resources */ = {
			isa = PBXShellScriptBuildPhase;
			buildActionMask = 2147483647;
			files = (
			);
			inputPaths = (
				"${SRCROOT}/Pods/Target Support Files/Pods-TSMTraining/Pods-TSMTraining-resources.sh",
				"${PODS_ROOT}/IQKeyboardManager/IQKeyboardManager/Resources/IQKeyboardManager.bundle",
			);
			name = "[CP] Copy Pods Resources";
			outputPaths = (
				"${TARGET_BUILD_DIR}/${UNLOCALIZED_RESOURCES_FOLDER_PATH}",
			);
			runOnlyForDeploymentPostprocessing = 0;
			shellPath = /bin/sh;
			shellScript = "\"${SRCROOT}/Pods/Target Support Files/Pods-TSMTraining/Pods-TSMTraining-resources.sh\"\n";
			showEnvVarsInLog = 0;
		};
/* End PBXShellScriptBuildPhase section */

/* Begin PBXSourcesBuildPhase section */
		79B143231F5862A40088A624 /* Sources */ = {
			isa = PBXSourcesBuildPhase;
			buildActionMask = 2147483647;
			files = (
				E9D3CE091F5E7E29002EA248 /* MBDataBaseHandler.m in Sources */,
				E9D3CD9D1F5E7A0A002EA248 /* TSMViewController.m in Sources */,
				E9D3CDFE1F5E7CA4002EA248 /* UIView+MB.m in Sources */,
				E9D3CDF41F5E7CA4002EA248 /* NSMutableAttributedString+MB.m in Sources */,
				E9D3CDF81F5E7CA4002EA248 /* UIColor+MB.m in Sources */,
				E9D3CD9F1F5E7A0A002EA248 /* TSMAPICleint.m in Sources */,
				E9D3CD9E1F5E7A0A002EA248 /* UIFont+TSM.m in Sources */,
				E9D3CDF51F5E7CA4002EA248 /* NSObject+MB.m in Sources */,
				E9D3CE101F5E7E71002EA248 /* OfflineObject.m in Sources */,
				E9D3CDFC1F5E7CA4002EA248 /* UITableView+MB.m in Sources */,
				E9D3CDF71F5E7CA4002EA248 /* UIButton+MB.m in Sources */,
				E9D3CDBD1F5E7B99002EA248 /* ViewController.m in Sources */,
				E9D3CDFD1F5E7CA4002EA248 /* UITextField+MB.m in Sources */,
				E9D3CDD21F5E7C24002EA248 /* Reachability.m in Sources */,
				E9D3CDB71F5E7B99002EA248 /* AppDelegate.m in Sources */,
				E9D3CD8D1F5E78EE002EA248 /* ApiManager.m in Sources */,
				E9D3CDF31F5E7CA4002EA248 /* NSDateFormatter+MB.m in Sources */,
				E9D3CDF61F5E7CA4002EA248 /* NSString+MB.m in Sources */,
				E9D3CE0B1F5E7E29002EA248 /* MBValidator.m in Sources */,
				E9D3CDF21F5E7CA4002EA248 /* NSDate+MB.m in Sources */,
				E9D3CDBC1F5E7B99002EA248 /* TSMTraining.xcdatamodeld in Sources */,
				E9D3CDFF1F5E7CA4002EA248 /* UIViewController+MB.m in Sources */,
				E9D3CDF91F5E7CA4002EA248 /* UIFont+MB.m in Sources */,
				E9D3CDFA1F5E7CA4002EA248 /* UIImage+ImageEffects.m in Sources */,
				E9D3CDF11F5E7CA4002EA248 /* NSArray+MB.m in Sources */,
				E9D3CDFB1F5E7CA4002EA248 /* UIImage+MB.m in Sources */,
				E9D3CDD11F5E7C24002EA248 /* main.m in Sources */,
				E9D3CE0A1F5E7E29002EA248 /* MBDataHandler.m in Sources */,
				E9D3CDA71F5E7ABC002EA248 /* TSMSignIn.m in Sources */,
			);
			runOnlyForDeploymentPostprocessing = 0;
		};
/* End PBXSourcesBuildPhase section */

/* Begin PBXVariantGroup section */
		E9D3CDAD1F5E7B99002EA248 /* LaunchScreen.storyboard */ = {
			isa = PBXVariantGroup;
			children = (
				E9D3CDAE1F5E7B99002EA248 /* Base */,
			);
			name = LaunchScreen.storyboard;
			sourceTree = "<group>";
		};
		E9D3CDAF1F5E7B99002EA248 /* Main.storyboard */ = {
			isa = PBXVariantGroup;
			children = (
				E9D3CDB01F5E7B99002EA248 /* Base */,
			);
			name = Main.storyboard;
			sourceTree = "<group>";
		};
/* End PBXVariantGroup section */

/* Begin XCBuildConfiguration section */
		79B1433F1F5862A40088A624 /* Debug */ = {
			isa = XCBuildConfiguration;
			buildSettings = {
				ALWAYS_SEARCH_USER_PATHS = NO;
				CLANG_ANALYZER_NONNULL = YES;
				CLANG_ANALYZER_NUMBER_OBJECT_CONVERSION = YES_AGGRESSIVE;
				CLANG_CXX_LANGUAGE_STANDARD = "gnu++0x";
				CLANG_CXX_LIBRARY = "libc++";
				CLANG_ENABLE_MODULES = YES;
				CLANG_ENABLE_OBJC_ARC = YES;
				CLANG_WARN_BOOL_CONVERSION = YES;
				CLANG_WARN_CONSTANT_CONVERSION = YES;
				CLANG_WARN_DIRECT_OBJC_ISA_USAGE = YES_ERROR;
				CLANG_WARN_DOCUMENTATION_COMMENTS = YES;
				CLANG_WARN_EMPTY_BODY = YES;
				CLANG_WARN_ENUM_CONVERSION = YES;
				CLANG_WARN_INFINITE_RECURSION = YES;
				CLANG_WARN_INT_CONVERSION = YES;
				CLANG_WARN_OBJC_ROOT_CLASS = YES_ERROR;
				CLANG_WARN_SUSPICIOUS_MOVE = YES;
				CLANG_WARN_UNREACHABLE_CODE = YES;
				CLANG_WARN__DUPLICATE_METHOD_MATCH = YES;
				"CODE_SIGN_IDENTITY[sdk=iphoneos*]" = "iPhone Developer";
				COPY_PHASE_STRIP = NO;
				DEBUG_INFORMATION_FORMAT = dwarf;
				ENABLE_STRICT_OBJC_MSGSEND = YES;
				ENABLE_TESTABILITY = YES;
				GCC_C_LANGUAGE_STANDARD = gnu99;
				GCC_DYNAMIC_NO_PIC = NO;
				GCC_INCREASE_PRECOMPILED_HEADER_SHARING = NO;
				GCC_NO_COMMON_BLOCKS = YES;
				GCC_OPTIMIZATION_LEVEL = 0;
				GCC_PRECOMPILE_PREFIX_HEADER = YES;
				GCC_PREFIX_HEADER = "$(SRCROOT)/TSMTraining/TSMTraining.pch";
				GCC_PREPROCESSOR_DEFINITIONS = (
					"DEBUG=1",
					"$(inherited)",
				);
				GCC_WARN_64_TO_32_BIT_CONVERSION = YES;
				GCC_WARN_ABOUT_RETURN_TYPE = YES_ERROR;
				GCC_WARN_UNDECLARED_SELECTOR = YES;
				GCC_WARN_UNINITIALIZED_AUTOS = YES_AGGRESSIVE;
				GCC_WARN_UNUSED_FUNCTION = YES;
				GCC_WARN_UNUSED_VARIABLE = YES;
				IPHONEOS_DEPLOYMENT_TARGET = 10.3;
				MTL_ENABLE_DEBUG_INFO = YES;
				ONLY_ACTIVE_ARCH = YES;
				SDKROOT = iphoneos;
				TARGETED_DEVICE_FAMILY = "1,2";
			};
			name = Debug;
		};
		79B143401F5862A40088A624 /* Release */ = {
			isa = XCBuildConfiguration;
			buildSettings = {
				ALWAYS_SEARCH_USER_PATHS = NO;
				CLANG_ANALYZER_NONNULL = YES;
				CLANG_ANALYZER_NUMBER_OBJECT_CONVERSION = YES_AGGRESSIVE;
				CLANG_CXX_LANGUAGE_STANDARD = "gnu++0x";
				CLANG_CXX_LIBRARY = "libc++";
				CLANG_ENABLE_MODULES = YES;
				CLANG_ENABLE_OBJC_ARC = YES;
				CLANG_WARN_BOOL_CONVERSION = YES;
				CLANG_WARN_CONSTANT_CONVERSION = YES;
				CLANG_WARN_DIRECT_OBJC_ISA_USAGE = YES_ERROR;
				CLANG_WARN_DOCUMENTATION_COMMENTS = YES;
				CLANG_WARN_EMPTY_BODY = YES;
				CLANG_WARN_ENUM_CONVERSION = YES;
				CLANG_WARN_INFINITE_RECURSION = YES;
				CLANG_WARN_INT_CONVERSION = YES;
				CLANG_WARN_OBJC_ROOT_CLASS = YES_ERROR;
				CLANG_WARN_SUSPICIOUS_MOVE = YES;
				CLANG_WARN_UNREACHABLE_CODE = YES;
				CLANG_WARN__DUPLICATE_METHOD_MATCH = YES;
				"CODE_SIGN_IDENTITY[sdk=iphoneos*]" = "iPhone Developer";
				COPY_PHASE_STRIP = NO;
				DEBUG_INFORMATION_FORMAT = "dwarf-with-dsym";
				ENABLE_NS_ASSERTIONS = NO;
				ENABLE_STRICT_OBJC_MSGSEND = YES;
				GCC_C_LANGUAGE_STANDARD = gnu99;
				GCC_INCREASE_PRECOMPILED_HEADER_SHARING = NO;
				GCC_NO_COMMON_BLOCKS = YES;
				GCC_PRECOMPILE_PREFIX_HEADER = YES;
				GCC_PREFIX_HEADER = "$(SRCROOT)/TSMTraining/TSMTraining.pch";
				GCC_WARN_64_TO_32_BIT_CONVERSION = YES;
				GCC_WARN_ABOUT_RETURN_TYPE = YES_ERROR;
				GCC_WARN_UNDECLARED_SELECTOR = YES;
				GCC_WARN_UNINITIALIZED_AUTOS = YES_AGGRESSIVE;
				GCC_WARN_UNUSED_FUNCTION = YES;
				GCC_WARN_UNUSED_VARIABLE = YES;
				IPHONEOS_DEPLOYMENT_TARGET = 10.3;
				MTL_ENABLE_DEBUG_INFO = NO;
				SDKROOT = iphoneos;
				TARGETED_DEVICE_FAMILY = "1,2";
				VALIDATE_PRODUCT = YES;
			};
			name = Release;
		};
		79B143421F5862A40088A624 /* Debug */ = {
			isa = XCBuildConfiguration;
			baseConfigurationReference = E4207A427A4446F9523E373B /* Pods-TSMTraining.debug.xcconfig */;
			buildSettings = {
				ALWAYS_SEARCH_USER_PATHS = YES;
				ASSETCATALOG_COMPILER_APPICON_NAME = AppIcon;
				INFOPLIST_FILE = TSMTraining/Info.plist;
				LD_RUNPATH_SEARCH_PATHS = "$(inherited) @executable_path/Frameworks";
				NEW_SETTING = "";
				PRODUCT_BUNDLE_IDENTIFIER = TSMTraining.TSMTraining;
				PRODUCT_NAME = "$(TARGET_NAME)";
			};
			name = Debug;
		};
		79B143431F5862A40088A624 /* Release */ = {
			isa = XCBuildConfiguration;
			baseConfigurationReference = AD10757C507ABED72DE74949 /* Pods-TSMTraining.release.xcconfig */;
			buildSettings = {
				ALWAYS_SEARCH_USER_PATHS = YES;
				ASSETCATALOG_COMPILER_APPICON_NAME = AppIcon;
				INFOPLIST_FILE = TSMTraining/Info.plist;
				LD_RUNPATH_SEARCH_PATHS = "$(inherited) @executable_path/Frameworks";
				NEW_SETTING = "";
				PRODUCT_BUNDLE_IDENTIFIER = TSMTraining.TSMTraining;
				PRODUCT_NAME = "$(TARGET_NAME)";
			};
			name = Release;
		};
/* End XCBuildConfiguration section */

/* Begin XCConfigurationList section */
		79B143221F5862A40088A624 /* Build configuration list for PBXProject "TSMTraining" */ = {
			isa = XCConfigurationList;
			buildConfigurations = (
				79B1433F1F5862A40088A624 /* Debug */,
				79B143401F5862A40088A624 /* Release */,
			);
			defaultConfigurationIsVisible = 0;
			defaultConfigurationName = Release;
		};
		79B143411F5862A40088A624 /* Build configuration list for PBXNativeTarget "TSMTraining" */ = {
			isa = XCConfigurationList;
			buildConfigurations = (
				79B143421F5862A40088A624 /* Debug */,
				79B143431F5862A40088A624 /* Release */,
			);
			defaultConfigurationIsVisible = 0;
			defaultConfigurationName = Release;
		};
/* End XCConfigurationList section */

/* Begin XCVersionGroup section */
		E9D3CDB31F5E7B99002EA248 /* TSMTraining.xcdatamodeld */ = {
			isa = XCVersionGroup;
			children = (
				E9D3CDB41F5E7B99002EA248 /* TSMTraining.xcdatamodel */,
			);
			currentVersion = E9D3CDB41F5E7B99002EA248 /* TSMTraining.xcdatamodel */;
			path = TSMTraining.xcdatamodeld;
			sourceTree = "<group>";
			versionGroupType = wrapper.xcdatamodel;
		};
/* End XCVersionGroup section */
	};
	rootObject = 79B1431F1F5862A40088A624 /* Project object */;
}
